{
  "name": "@sapling/vue-components",
  "version": "npm:@sapling/vue-components@0.1.0",
  "lockfileVersion": 2,
  "requires": true,
  "extraneous": true,
  "packages": {
    "": {
      "name": "@sapling/vue-components",
      "version": "0.1.0",
      "extraneous": true,
      "license": "MPL-2.0",
      "dependencies": {
        "vue": "^2.6.12"
      },
      "devDependencies": {
        "cross-env": "^7.0.3",
        "laravel-mix": "^5.0.9"
      },
      "peerDependencies": {
        "@sapling/sapling": "^0.1.0"
      }
    }
  }
}
